
Microsoft Visual Studio Solution File, Format Version 12.00
# Visual Studio Version 17
VisualStudioVersion = 17.7.34024.191
MinimumVisualStudioVersion = 10.0.40219.1
Project("{9A19103F-16F7-4668-BE54-9A1E7A4F7556}") = "CareProLearning", "CareProLearning\CareProLearning.csproj", "{EECECAE3-A7BF-410C-BF12-F029D2989A2E}"
EndProject
Global
	GlobalSection(SolutionConfigurationPlatforms) = preSolution
		Debug|Any CPU = Debug|Any CPU
		Release|Any CPU = Release|Any CPU
	EndGlobalSection
	GlobalSection(ProjectConfigurationPlatforms) = postSolution
		{EECECAE3-A7BF-410C-BF12-F029D2989A2E}.Debug|Any CPU.ActiveCfg = Debug|Any CPU
		{EECECAE3-A7BF-410C-BF12-F029D2989A2E}.Debug|Any CPU.Build.0 = Debug|Any CPU
		{EECECAE3-A7BF-410C-BF12-F029D2989A2E}.Release|Any CPU.ActiveCfg = Release|Any CPU
		{EECECAE3-A7BF-410C-BF12-F029D2989A2E}.Release|Any CPU.Build.0 = Release|Any CPU
	EndGlobalSection
	GlobalSection(SolutionProperties) = preSolution
		HideSolutionNode = FALSE
	EndGlobalSection
	GlobalSection(ExtensibilityGlobals) = postSolution
		SolutionGuid = {C325089D-054C-42C2-8860-8A54A64C9ECB}
	EndGlobalSection
EndGlobal
